
Microsoft Visual Studio Solution File, Format Version 12.00
# Visual Studio 15
VisualStudioVersion = 15.0.26430.6
MinimumVisualStudioVersion = 10.0.40219.1
Project("{FAE04EC0-301F-11D3-BF4B-00C04F79EFBC}") = "Deploy", "Deploy\Deploy.csproj", "{CA4A4C21-62AF-4C08-AC46-E9BBA85FF160}"
EndProject
Project("{FAE04EC0-301F-11D3-BF4B-00C04F79EFBC}") = "Deploy.Tests", "Deploy.Tests\Deploy.Tests.csproj", "{25FB7AF4-A833-462A-891E-A9616477DDDB}"
EndProject
Global
	GlobalSection(SolutionConfigurationPlatforms) = preSolution
		Debug|Any CPU = Debug|Any CPU
		Release|Any CPU = Release|Any CPU
	EndGlobalSection
	GlobalSection(ProjectConfigurationPlatforms) = postSolution
		{CA4A4C21-62AF-4C08-AC46-E9BBA85FF160}.Debug|Any CPU.ActiveCfg = Debug|Any CPU
		{CA4A4C21-62AF-4C08-AC46-E9BBA85FF160}.Debug|Any CPU.Build.0 = Debug|Any CPU
		{CA4A4C21-62AF-4C08-AC46-E9BBA85FF160}.Release|Any CPU.ActiveCfg = Release|Any CPU
		{CA4A4C21-62AF-4C08-AC46-E9BBA85FF160}.Release|Any CPU.Build.0 = Release|Any CPU
		{25FB7AF4-A833-462A-891E-A9616477DDDB}.Debug|Any CPU.ActiveCfg = Debug|Any CPU
		{25FB7AF4-A833-462A-891E-A9616477DDDB}.Debug|Any CPU.Build.0 = Debug|Any CPU
		{25FB7AF4-A833-462A-891E-A9616477DDDB}.Release|Any CPU.ActiveCfg = Release|Any CPU
		{25FB7AF4-A833-462A-891E-A9616477DDDB}.Release|Any CPU.Build.0 = Release|Any CPU
	EndGlobalSection
	GlobalSection(SolutionProperties) = preSolution
		HideSolutionNode = FALSE
	EndGlobalSection
EndGlobal
