
Microsoft Visual Studio Solution File, Format Version 12.00
# Visual Studio 15
VisualStudioVersion = 15.0.27130.2036
MinimumVisualStudioVersion = 10.0.40219.1
Project("{9A19103F-16F7-4668-BE54-9A1E7A4F7556}") = "Deploy", "Deploy\Deploy.csproj", "{A3353AF1-29E1-4DA7-9465-B6716EBD286C}"
EndProject
Project("{9A19103F-16F7-4668-BE54-9A1E7A4F7556}") = "Deploy.Tests", "Deploy.Tests\Deploy.Tests.csproj", "{6D0B2F2E-149D-4FDC-AD8D-48F0225BFA73}"
EndProject
Project("{FAE04EC0-301F-11D3-BF4B-00C04F79EFBC}") = "Deploy.Console", "Deploy.Console\Deploy.Console.csproj", "{58FDAE06-210F-4641-B475-6CB59B7708EB}"
EndProject
Project("{FAE04EC0-301F-11D3-BF4B-00C04F79EFBC}") = "Deploy.Api", "Deploy.Api\Deploy.Api.csproj", "{B94C3FCC-CA5F-4137-877B-33F6608040EE}"
EndProject
Global
	GlobalSection(SolutionConfigurationPlatforms) = preSolution
		Debug|Any CPU = Debug|Any CPU
		Debug|x64 = Debug|x64
		Debug|x86 = Debug|x86
		Release|Any CPU = Release|Any CPU
		Release|x64 = Release|x64
		Release|x86 = Release|x86
	EndGlobalSection
	GlobalSection(ProjectConfigurationPlatforms) = postSolution
		{A3353AF1-29E1-4DA7-9465-B6716EBD286C}.Debug|Any CPU.ActiveCfg = Debug|Any CPU
		{A3353AF1-29E1-4DA7-9465-B6716EBD286C}.Debug|Any CPU.Build.0 = Debug|Any CPU
		{A3353AF1-29E1-4DA7-9465-B6716EBD286C}.Debug|x64.ActiveCfg = Debug|Any CPU
		{A3353AF1-29E1-4DA7-9465-B6716EBD286C}.Debug|x64.Build.0 = Debug|Any CPU
		{A3353AF1-29E1-4DA7-9465-B6716EBD286C}.Debug|x86.ActiveCfg = Debug|Any CPU
		{A3353AF1-29E1-4DA7-9465-B6716EBD286C}.Debug|x86.Build.0 = Debug|Any CPU
		{A3353AF1-29E1-4DA7-9465-B6716EBD286C}.Release|Any CPU.ActiveCfg = Release|Any CPU
		{A3353AF1-29E1-4DA7-9465-B6716EBD286C}.Release|Any CPU.Build.0 = Release|Any CPU
		{A3353AF1-29E1-4DA7-9465-B6716EBD286C}.Release|x64.ActiveCfg = Release|Any CPU
		{A3353AF1-29E1-4DA7-9465-B6716EBD286C}.Release|x64.Build.0 = Release|Any CPU
		{A3353AF1-29E1-4DA7-9465-B6716EBD286C}.Release|x86.ActiveCfg = Release|Any CPU
		{A3353AF1-29E1-4DA7-9465-B6716EBD286C}.Release|x86.Build.0 = Release|Any CPU
		{6D0B2F2E-149D-4FDC-AD8D-48F0225BFA73}.Debug|Any CPU.ActiveCfg = Debug|Any CPU
		{6D0B2F2E-149D-4FDC-AD8D-48F0225BFA73}.Debug|Any CPU.Build.0 = Debug|Any CPU
		{6D0B2F2E-149D-4FDC-AD8D-48F0225BFA73}.Debug|x64.ActiveCfg = Debug|Any CPU
		{6D0B2F2E-149D-4FDC-AD8D-48F0225BFA73}.Debug|x64.Build.0 = Debug|Any CPU
		{6D0B2F2E-149D-4FDC-AD8D-48F0225BFA73}.Debug|x86.ActiveCfg = Debug|Any CPU
		{6D0B2F2E-149D-4FDC-AD8D-48F0225BFA73}.Debug|x86.Build.0 = Debug|Any CPU
		{6D0B2F2E-149D-4FDC-AD8D-48F0225BFA73}.Release|Any CPU.ActiveCfg = Release|Any CPU
		{6D0B2F2E-149D-4FDC-AD8D-48F0225BFA73}.Release|Any CPU.Build.0 = Release|Any CPU
		{6D0B2F2E-149D-4FDC-AD8D-48F0225BFA73}.Release|x64.ActiveCfg = Release|Any CPU
		{6D0B2F2E-149D-4FDC-AD8D-48F0225BFA73}.Release|x64.Build.0 = Release|Any CPU
		{6D0B2F2E-149D-4FDC-AD8D-48F0225BFA73}.Release|x86.ActiveCfg = Release|Any CPU
		{6D0B2F2E-149D-4FDC-AD8D-48F0225BFA73}.Release|x86.Build.0 = Release|Any CPU
		{58FDAE06-210F-4641-B475-6CB59B7708EB}.Debug|Any CPU.ActiveCfg = Debug|Any CPU
		{58FDAE06-210F-4641-B475-6CB59B7708EB}.Debug|Any CPU.Build.0 = Debug|Any CPU
		{58FDAE06-210F-4641-B475-6CB59B7708EB}.Debug|x64.ActiveCfg = Debug|Any CPU
		{58FDAE06-210F-4641-B475-6CB59B7708EB}.Debug|x64.Build.0 = Debug|Any CPU
		{58FDAE06-210F-4641-B475-6CB59B7708EB}.Debug|x86.ActiveCfg = Debug|Any CPU
		{58FDAE06-210F-4641-B475-6CB59B7708EB}.Debug|x86.Build.0 = Debug|Any CPU
		{58FDAE06-210F-4641-B475-6CB59B7708EB}.Release|Any CPU.ActiveCfg = Release|Any CPU
		{58FDAE06-210F-4641-B475-6CB59B7708EB}.Release|Any CPU.Build.0 = Release|Any CPU
		{58FDAE06-210F-4641-B475-6CB59B7708EB}.Release|x64.ActiveCfg = Release|Any CPU
		{58FDAE06-210F-4641-B475-6CB59B7708EB}.Release|x64.Build.0 = Release|Any CPU
		{58FDAE06-210F-4641-B475-6CB59B7708EB}.Release|x86.ActiveCfg = Release|Any CPU
		{58FDAE06-210F-4641-B475-6CB59B7708EB}.Release|x86.Build.0 = Release|Any CPU
		{B94C3FCC-CA5F-4137-877B-33F6608040EE}.Debug|Any CPU.ActiveCfg = Debug|Any CPU
		{B94C3FCC-CA5F-4137-877B-33F6608040EE}.Debug|Any CPU.Build.0 = Debug|Any CPU
		{B94C3FCC-CA5F-4137-877B-33F6608040EE}.Debug|x64.ActiveCfg = Debug|Any CPU
		{B94C3FCC-CA5F-4137-877B-33F6608040EE}.Debug|x64.Build.0 = Debug|Any CPU
		{B94C3FCC-CA5F-4137-877B-33F6608040EE}.Debug|x86.ActiveCfg = Debug|Any CPU
		{B94C3FCC-CA5F-4137-877B-33F6608040EE}.Debug|x86.Build.0 = Debug|Any CPU
		{B94C3FCC-CA5F-4137-877B-33F6608040EE}.Release|Any CPU.ActiveCfg = Release|Any CPU
		{B94C3FCC-CA5F-4137-877B-33F6608040EE}.Release|Any CPU.Build.0 = Release|Any CPU
		{B94C3FCC-CA5F-4137-877B-33F6608040EE}.Release|x64.ActiveCfg = Release|Any CPU
		{B94C3FCC-CA5F-4137-877B-33F6608040EE}.Release|x64.Build.0 = Release|Any CPU
		{B94C3FCC-CA5F-4137-877B-33F6608040EE}.Release|x86.ActiveCfg = Release|Any CPU
		{B94C3FCC-CA5F-4137-877B-33F6608040EE}.Release|x86.Build.0 = Release|Any CPU
	EndGlobalSection
	GlobalSection(SolutionProperties) = preSolution
		HideSolutionNode = FALSE
	EndGlobalSection
	GlobalSection(ExtensibilityGlobals) = postSolution
		SolutionGuid = {2C72F0B1-7D2B-4A30-9B80-9342FF7C2027}
	EndGlobalSection
EndGlobal
